
Microsoft Visual Studio Solution File, Format Version 12.00
# Visual Studio Version 17
VisualStudioVersion = 17.14.36915.13 d17.14
MinimumVisualStudioVersion = 10.0.40219.1
Project("{FAE04EC0-301F-11D3-BF4B-00C04F79EFBC}") = "BibliotecaDeLibros", "BibliotecaDeLibros.csproj", "{6C52BA49-520F-46E3-9BA8-F2A5C42029DB}"
EndProject
Global
	GlobalSection(SolutionConfigurationPlatforms) = preSolution
		Debug|Any CPU = Debug|Any CPU
		Release|Any CPU = Release|Any CPU
	EndGlobalSection
	GlobalSection(ProjectConfigurationPlatforms) = postSolution
		{6C52BA49-520F-46E3-9BA8-F2A5C42029DB}.Debug|Any CPU.ActiveCfg = Debug|Any CPU
		{6C52BA49-520F-46E3-9BA8-F2A5C42029DB}.Debug|Any CPU.Build.0 = Debug|Any CPU
		{6C52BA49-520F-46E3-9BA8-F2A5C42029DB}.Release|Any CPU.ActiveCfg = Release|Any CPU
		{6C52BA49-520F-46E3-9BA8-F2A5C42029DB}.Release|Any CPU.Build.0 = Release|Any CPU
	EndGlobalSection
	GlobalSection(SolutionProperties) = preSolution
		HideSolutionNode = FALSE
	EndGlobalSection
	GlobalSection(ExtensibilityGlobals) = postSolution
		SolutionGuid = {158872F3-4904-4B62-BE41-C4962475185C}
	EndGlobalSection
EndGlobal
